
Microsoft Visual Studio Solution File, Format Version 12.00
# Visual Studio Version 17
VisualStudioVersion = 17.8.34330.188
MinimumVisualStudioVersion = 10.0.40219.1
Project("{9A19103F-16F7-4668-BE54-9A1E7A4F7556}") = "UserTaskJWT.Web.Api", "UserTaskJWT\UserTaskJWT.Web.Api.csproj", "{0050B16A-B1D5-4445-A12A-FFF0F5939D91}"
EndProject
Project("{2150E333-8FDC-42A3-9474-1A3956D46DE8}") = "Solution Items", "Solution Items", "{60B5BC31-426F-4AEB-A2BE-34194AF6D2D1}"
	ProjectSection(SolutionItems) = preProject
		UserTaskJWT\.editorconfig = UserTaskJWT\.editorconfig
		Directory.Build.props = Directory.Build.props
	EndProjectSection
EndProject
Project("{E53339B2-1760-4266-BCC7-CA923CBCF16C}") = "docker-compose", "docker-compose.dcproj", "{239008E5-7E98-4D6B-9A65-EFBE2C2D28F5}"
EndProject
Global
	GlobalSection(SolutionConfigurationPlatforms) = preSolution
		Debug|Any CPU = Debug|Any CPU
		Release|Any CPU = Release|Any CPU
	EndGlobalSection
	GlobalSection(ProjectConfigurationPlatforms) = postSolution
		{0050B16A-B1D5-4445-A12A-FFF0F5939D91}.Debug|Any CPU.ActiveCfg = Debug|Any CPU
		{0050B16A-B1D5-4445-A12A-FFF0F5939D91}.Debug|Any CPU.Build.0 = Debug|Any CPU
		{0050B16A-B1D5-4445-A12A-FFF0F5939D91}.Release|Any CPU.ActiveCfg = Release|Any CPU
		{0050B16A-B1D5-4445-A12A-FFF0F5939D91}.Release|Any CPU.Build.0 = Release|Any CPU
		{239008E5-7E98-4D6B-9A65-EFBE2C2D28F5}.Debug|Any CPU.ActiveCfg = Debug|Any CPU
		{239008E5-7E98-4D6B-9A65-EFBE2C2D28F5}.Debug|Any CPU.Build.0 = Debug|Any CPU
		{239008E5-7E98-4D6B-9A65-EFBE2C2D28F5}.Release|Any CPU.ActiveCfg = Release|Any CPU
		{239008E5-7E98-4D6B-9A65-EFBE2C2D28F5}.Release|Any CPU.Build.0 = Release|Any CPU
	EndGlobalSection
	GlobalSection(SolutionProperties) = preSolution
		HideSolutionNode = FALSE
	EndGlobalSection
	GlobalSection(ExtensibilityGlobals) = postSolution
		SolutionGuid = {6AEE1DE7-01EB-45ED-8A5D-61F3B41D643B}
	EndGlobalSection
EndGlobal
